
Microsoft Visual Studio Solution File, Format Version 12.00
# Visual Studio Version 17
VisualStudioVersion = 17.2.32526.322
MinimumVisualStudioVersion = 10.0.40219.1
Project("{FAE04EC0-301F-11D3-BF4B-00C04F79EFBC}") = "PaginaTiendaJuego", "PaginaTiendaJuego.csproj", "{D5F2D447-BC9E-4634-92EF-8FA2776D3999}"
EndProject
Global
	GlobalSection(SolutionConfigurationPlatforms) = preSolution
		Debug|Any CPU = Debug|Any CPU
		Release|Any CPU = Release|Any CPU
	EndGlobalSection
	GlobalSection(ProjectConfigurationPlatforms) = postSolution
		{D5F2D447-BC9E-4634-92EF-8FA2776D3999}.Debug|Any CPU.ActiveCfg = Debug|Any CPU
		{D5F2D447-BC9E-4634-92EF-8FA2776D3999}.Debug|Any CPU.Build.0 = Debug|Any CPU
		{D5F2D447-BC9E-4634-92EF-8FA2776D3999}.Release|Any CPU.ActiveCfg = Release|Any CPU
		{D5F2D447-BC9E-4634-92EF-8FA2776D3999}.Release|Any CPU.Build.0 = Release|Any CPU
	EndGlobalSection
	GlobalSection(SolutionProperties) = preSolution
		HideSolutionNode = FALSE
	EndGlobalSection
	GlobalSection(ExtensibilityGlobals) = postSolution
		SolutionGuid = {C3D06CA6-2AB5-4EC5-82FE-B6BCB0B136E3}
	EndGlobalSection
EndGlobal
